
Microsoft Visual Studio Solution File, Format Version 12.00
# Visual Studio Version 16
VisualStudioVersion = 16.0.32929.386
MinimumVisualStudioVersion = 10.0.40219.1
Project("{FAE04EC0-301F-11D3-BF4B-00C04F79EFBC}") = "gameoflife", "gameoflife\gameoflife.csproj", "{89C4D683-921E-4D2D-9843-C220714F4DBA}"
EndProject
Global
	GlobalSection(SolutionConfigurationPlatforms) = preSolution
		Debug|Any CPU = Debug|Any CPU
		Release|Any CPU = Release|Any CPU
	EndGlobalSection
	GlobalSection(ProjectConfigurationPlatforms) = postSolution
		{89C4D683-921E-4D2D-9843-C220714F4DBA}.Debug|Any CPU.ActiveCfg = Debug|Any CPU
		{89C4D683-921E-4D2D-9843-C220714F4DBA}.Debug|Any CPU.Build.0 = Debug|Any CPU
		{89C4D683-921E-4D2D-9843-C220714F4DBA}.Release|Any CPU.ActiveCfg = Release|Any CPU
		{89C4D683-921E-4D2D-9843-C220714F4DBA}.Release|Any CPU.Build.0 = Release|Any CPU
	EndGlobalSection
	GlobalSection(SolutionProperties) = preSolution
		HideSolutionNode = FALSE
	EndGlobalSection
	GlobalSection(ExtensibilityGlobals) = postSolution
		SolutionGuid = {F205F0AC-96BC-46B6-997C-DB19436F38EF}
	EndGlobalSection
EndGlobal
